
Microsoft Visual Studio Solution File, Format Version 12.00
# Visual Studio 15
VisualStudioVersion = 15.0.26430.14
MinimumVisualStudioVersion = 10.0.40219.1
Project("{FAE04EC0-301F-11D3-BF4B-00C04F79EFBC}") = "SpiralMemory", "SpiralMemory\SpiralMemory.csproj", "{AF475126-F3C7-4BCF-947D-4220328CF40B}"
EndProject
Project("{FAE04EC0-301F-11D3-BF4B-00C04F79EFBC}") = "Tests", "Tests\Tests.csproj", "{1E4A52E9-245A-4E10-B28A-063CC7EC1981}"
EndProject
Global
	GlobalSection(SolutionConfigurationPlatforms) = preSolution
		Debug|Any CPU = Debug|Any CPU
		Release|Any CPU = Release|Any CPU
	EndGlobalSection
	GlobalSection(ProjectConfigurationPlatforms) = postSolution
		{AF475126-F3C7-4BCF-947D-4220328CF40B}.Debug|Any CPU.ActiveCfg = Debug|Any CPU
		{AF475126-F3C7-4BCF-947D-4220328CF40B}.Debug|Any CPU.Build.0 = Debug|Any CPU
		{AF475126-F3C7-4BCF-947D-4220328CF40B}.Release|Any CPU.ActiveCfg = Release|Any CPU
		{AF475126-F3C7-4BCF-947D-4220328CF40B}.Release|Any CPU.Build.0 = Release|Any CPU
		{1E4A52E9-245A-4E10-B28A-063CC7EC1981}.Debug|Any CPU.ActiveCfg = Debug|Any CPU
		{1E4A52E9-245A-4E10-B28A-063CC7EC1981}.Debug|Any CPU.Build.0 = Debug|Any CPU
		{1E4A52E9-245A-4E10-B28A-063CC7EC1981}.Release|Any CPU.ActiveCfg = Release|Any CPU
		{1E4A52E9-245A-4E10-B28A-063CC7EC1981}.Release|Any CPU.Build.0 = Release|Any CPU
	EndGlobalSection
	GlobalSection(SolutionProperties) = preSolution
		HideSolutionNode = FALSE
	EndGlobalSection
EndGlobal
